PODS:
  - AFNetworking (4.0.1):
    - AFNetworking/NSURLSession (= 4.0.1)
    - AFNetworking/Reachability (= 4.0.1)
    - AFNetworking/Security (= 4.0.1)
    - AFNetworking/Serialization (= 4.0.1)
    - AFNetworking/UIKit (= 4.0.1)
  - AFNetworking/NSURLSession (4.0.1):
    - AFNetworking/Reachability
    - AFNetworking/Security
    - AFNetworking/Serialization
  - AFNetworking/Reachability (4.0.1)
  - AFNetworking/Security (4.0.1)
  - AFNetworking/Serialization (4.0.1)
  - AFNetworking/UIKit (4.0.1):
    - AFNetworking/NSURLSession
  - AMap3DMap (9.6.2):
    - AMapFoundation (>= 1.8.0)
  - amap_flutter_location (0.0.1):
    - AMapLocation
    - Flutter
  - amap_flutter_map (0.0.1):
    - AMap3DMap
    - Flutter
  - AMapFoundation (1.8.2)
  - AMapLocation (2.10.0):
    - AMapFoundation (>= 1.8.0)
  - better_open_file (0.0.1):
    - Flutter
  - Bugly (2.5.93)
  - camerawesome (0.0.1):
    - Flutter
    - JPSVolumeButtonHandler
  - device_info_plus (0.0.1):
    - Flutter
  - DKImagePickerController/Core (4.3.4):
    - DKImagePickerController/ImageDataManager
    - DKImagePickerController/Resource
  - DKImagePickerController/ImageDataManager (4.3.4)
  - DKImagePickerController/PhotoGallery (4.3.4):
    - DKImagePickerController/Core
    - DKPhotoGallery
  - DKImagePickerController/Resource (4.3.4)
  - DKPhotoGallery (0.0.17):
    - DKPhotoGallery/Core (= 0.0.17)
    - DKPhotoGallery/Model (= 0.0.17)
    - DKPhotoGallery/Preview (= 0.0.17)
    - DKPhotoGallery/Resource (= 0.0.17)
    - SDWebImage
    - SwiftyGif
  - DKPhotoGallery/Core (0.0.17):
    - DKPhotoGallery/Model
    - DKPhotoGallery/Preview
    - SDWebImage
    - SwiftyGif
  - DKPhotoGallery/Model (0.0.17):
    - SDWebImage
    - SwiftyGif
  - DKPhotoGallery/Preview (0.0.17):
    - DKPhotoGallery/Model
    - DKPhotoGallery/Resource
    - SDWebImage
    - SwiftyGif
  - DKPhotoGallery/Resource (0.0.17):
    - SDWebImage
    - SwiftyGif
  - file_picker (0.0.1):
    - DKImagePickerController/PhotoGallery
    - Flutter
  - Flutter (1.0.0)
  - flutter_bugly (0.0.1):
    - Bugly
    - Flutter
  - flutter_image_compress_common (1.0.0):
    - Flutter
    - Mantle
    - SDWebImage
    - SDWebImageWebPCoder
  - fluttertoast (0.0.2):
    - Flutter
    - Toast
  - FMDB (2.7.5):
    - FMDB/standard (= 2.7.5)
  - FMDB/standard (2.7.5)
  - image_picker_ios (0.0.1):
    - Flutter
  - image_pickers (0.0.1):
    - AFNetworking
    - Flutter
    - SDWebImage
    - ZLPhotoBrowser (~> 4.3.9)
  - JPSVolumeButtonHandler (1.0.5)
  - libwebp (1.2.4):
    - libwebp/demux (= 1.2.4)
    - libwebp/mux (= 1.2.4)
    - libwebp/webp (= 1.2.4)
  - libwebp/demux (1.2.4):
    - libwebp/webp
  - libwebp/mux (1.2.4):
    - libwebp/demux
  - libwebp/webp (1.2.4)
  - Mantle (2.2.0):
    - Mantle/extobjc (= 2.2.0)
  - Mantle/extobjc (2.2.0)
  - package_info_plus (0.4.5):
    - Flutter
  - path_provider_foundation (0.0.1):
    - Flutter
    - FlutterMacOS
  - permission_handler_apple (9.0.4):
    - Flutter
  - photo_manager (2.0.0):
    - Flutter
    - FlutterMacOS
  - scan (0.0.1):
    - Flutter
  - SDWebImage (5.15.6):
    - SDWebImage/Core (= 5.15.6)
  - SDWebImage/Core (5.15.6)
  - SDWebImageWebPCoder (0.11.0):
    - libwebp (~> 1.0)
    - SDWebImage/Core (~> 5.15)
  - share_plus (0.0.1):
    - Flutter
  - shared_preferences_foundation (0.0.1):
    - Flutter
    - FlutterMacOS
  - sqflite (0.0.2):
    - Flutter
    - FMDB (>= 2.7.5)
  - SwiftyGif (5.4.4)
  - Toast (4.0.0)
  - url_launcher_ios (0.0.1):
    - Flutter
  - video_compress (0.3.0):
    - Flutter
  - video_player_avfoundation (0.0.1):
    - Flutter
  - wakelock (0.0.1):
    - Flutter
  - webview_flutter_wkwebview (0.0.1):
    - Flutter
  - ZLPhotoBrowser (4.3.9):
    - ZLPhotoBrowser/Core (= 4.3.9)
  - ZLPhotoBrowser/Core (4.3.9)

DEPENDENCIES:
  - amap_flutter_location (from `.symlinks/plugins/amap_flutter_location/ios`)
  - amap_flutter_map (from `.symlinks/plugins/amap_flutter_map/ios`)
  - better_open_file (from `.symlinks/plugins/better_open_file/ios`)
  - camerawesome (from `.symlinks/plugins/camerawesome/ios`)
  - device_info_plus (from `.symlinks/plugins/device_info_plus/ios`)
  - file_picker (from `.symlinks/plugins/file_picker/ios`)
  - Flutter (from `Flutter`)
  - flutter_bugly (from `.symlinks/plugins/flutter_bugly/ios`)
  - flutter_image_compress_common (from `.symlinks/plugins/flutter_image_compress_common/ios`)
  - fluttertoast (from `.symlinks/plugins/fluttertoast/ios`)
  - image_picker_ios (from `.symlinks/plugins/image_picker_ios/ios`)
  - image_pickers (from `.symlinks/plugins/image_pickers/ios`)
  - package_info_plus (from `.symlinks/plugins/package_info_plus/ios`)
  - path_provider_foundation (from `.symlinks/plugins/path_provider_foundation/darwin`)
  - permission_handler_apple (from `.symlinks/plugins/permission_handler_apple/ios`)
  - photo_manager (from `.symlinks/plugins/photo_manager/ios`)
  - scan (from `.symlinks/plugins/scan/ios`)
  - share_plus (from `.symlinks/plugins/share_plus/ios`)
  - shared_preferences_foundation (from `.symlinks/plugins/shared_preferences_foundation/darwin`)
  - sqflite (from `.symlinks/plugins/sqflite/ios`)
  - url_launcher_ios (from `.symlinks/plugins/url_launcher_ios/ios`)
  - video_compress (from `.symlinks/plugins/video_compress/ios`)
  - video_player_avfoundation (from `.symlinks/plugins/video_player_avfoundation/ios`)
  - wakelock (from `.symlinks/plugins/wakelock/ios`)
  - webview_flutter_wkwebview (from `.symlinks/plugins/webview_flutter_wkwebview/ios`)

SPEC REPOS:
  trunk:
    - AFNetworking
    - AMap3DMap
    - AMapFoundation
    - AMapLocation
    - Bugly
    - DKImagePickerController
    - DKPhotoGallery
    - FMDB
    - JPSVolumeButtonHandler
    - libwebp
    - Mantle
    - SDWebImage
    - SDWebImageWebPCoder
    - SwiftyGif
    - Toast
    - ZLPhotoBrowser

EXTERNAL SOURCES:
  amap_flutter_location:
    :path: ".symlinks/plugins/amap_flutter_location/ios"
  amap_flutter_map:
    :path: ".symlinks/plugins/amap_flutter_map/ios"
  better_open_file:
    :path: ".symlinks/plugins/better_open_file/ios"
  camerawesome:
    :path: ".symlinks/plugins/camerawesome/ios"
  device_info_plus:
    :path: ".symlinks/plugins/device_info_plus/ios"
  file_picker:
    :path: ".symlinks/plugins/file_picker/ios"
  Flutter:
    :path: Flutter
  flutter_bugly:
    :path: ".symlinks/plugins/flutter_bugly/ios"
  flutter_image_compress_common:
    :path: ".symlinks/plugins/flutter_image_compress_common/ios"
  fluttertoast:
    :path: ".symlinks/plugins/fluttertoast/ios"
  image_picker_ios:
    :path: ".symlinks/plugins/image_picker_ios/ios"
  image_pickers:
    :path: ".symlinks/plugins/image_pickers/ios"
  package_info_plus:
    :path: ".symlinks/plugins/package_info_plus/ios"
  path_provider_foundation:
    :path: ".symlinks/plugins/path_provider_foundation/darwin"
  permission_handler_apple:
    :path: ".symlinks/plugins/permission_handler_apple/ios"
  photo_manager:
    :path: ".symlinks/plugins/photo_manager/ios"
  scan:
    :path: ".symlinks/plugins/scan/ios"
  share_plus:
    :path: ".symlinks/plugins/share_plus/ios"
  shared_preferences_foundation:
    :path: ".symlinks/plugins/shared_preferences_foundation/darwin"
  sqflite:
    :path: ".symlinks/plugins/sqflite/ios"
  url_launcher_ios:
    :path: ".symlinks/plugins/url_launcher_ios/ios"
  video_compress:
    :path: ".symlinks/plugins/video_compress/ios"
  video_player_avfoundation:
    :path: ".symlinks/plugins/video_player_avfoundation/ios"
  wakelock:
    :path: ".symlinks/plugins/wakelock/ios"
  webview_flutter_wkwebview:
    :path: ".symlinks/plugins/webview_flutter_wkwebview/ios"

SPEC CHECKSUMS:
  AFNetworking: 3bd23d814e976cd148d7d44c3ab78017b744cd58
  AMap3DMap: 1d24615b754c2ac5a92258b59729e60a6d478205
  amap_flutter_location: 44ff5beb64f42e0bf5feb402fe299dac0013af6f
  amap_flutter_map: 979e54d227cedac6c7504a2151bfbf3bcf96760a
  AMapFoundation: 9885c48fc3a78fdfb84a0299a2293e56ea3c9fec
  AMapLocation: 5248aec2455ebb5d104b367813c946430a2ee033
  better_open_file: 03cf320415d4d3f46b6e00adc4a567d76c1a399d
  Bugly: b8715e6ec4004b7f7fbffab0643ba80545aee3da
  camerawesome: 1e06540f60158809bc70f398ed1ac2cf93fe4188
  device_info_plus: e5c5da33f982a436e103237c0c85f9031142abed
  DKImagePickerController: b512c28220a2b8ac7419f21c491fc8534b7601ac
  DKPhotoGallery: fdfad5125a9fdda9cc57df834d49df790dbb4179
  file_picker: ce3938a0df3cc1ef404671531facef740d03f920
  Flutter: f04841e97a9d0b0a8025694d0796dd46242b2854
  flutter_bugly: c9800f4d5bc5bdc27ffdde3417a26ba44266e0c3
  flutter_image_compress_common: ec1d45c362c9d30a3f6a0426c297f47c52007e3e
  fluttertoast: eb263d302cc92e04176c053d2385237e9f43fad0
  FMDB: 2ce00b547f966261cd18927a3ddb07cb6f3db82a
  image_picker_ios: 4a8aadfbb6dc30ad5141a2ce3832af9214a705b5
  image_pickers: 4406949954a5eb4fac5ada5f13810e6419ef4467
  JPSVolumeButtonHandler: 53110330c9168ed325def93eabff39f0fe3e8082
  libwebp: f62cb61d0a484ba548448a4bd52aabf150ff6eef
  Mantle: c5aa8794a29a022dfbbfc9799af95f477a69b62d
  package_info_plus: 6c92f08e1f853dc01228d6f553146438dafcd14e
  path_provider_foundation: c68054786f1b4f3343858c1e1d0caaded73f0be9
  permission_handler_apple: 44366e37eaf29454a1e7b1b7d736c2cceaeb17ce
  photo_manager: 4f6810b7dfc4feb03b461ac1a70dacf91fba7604
  scan: aea35bb4aa59ccc8839c576a18cd57c7d492cc86
  SDWebImage: d47d81bea8a77187896b620dc79c3c528e8906b9
  SDWebImageWebPCoder: 295a6573c512f54ad2dd58098e64e17dcf008499
  share_plus: 056a1e8ac890df3e33cb503afffaf1e9b4fbae68
  shared_preferences_foundation: 986fc17f3d3251412d18b0265f9c64113a8c2472
  sqflite: 6d358c025f5b867b29ed92fc697fd34924e11904
  SwiftyGif: 93a1cc87bf3a51916001cf8f3d63835fb64c819f
  Toast: 91b396c56ee72a5790816f40d3a94dd357abc196
  url_launcher_ios: 08a3dfac5fb39e8759aeb0abbd5d9480f30fc8b4
  video_compress: fce97e4fb1dfd88175aa07d2ffc8a2f297f87fbe
  video_player_avfoundation: 81e49bb3d9fb63dccf9fa0f6d877dc3ddbeac126
  wakelock: d0fc7c864128eac40eba1617cb5264d9c940b46f
  webview_flutter_wkwebview: 2e2d318f21a5e036e2c3f26171342e95908bd60a
  ZLPhotoBrowser: 02b3569b8f702d2e153e8fdb1f6b32fef3a2867c

PODFILE CHECKSUM: 28f8a06ff553953255893e3cf76e4dd9ae197c29

COCOAPODS: 1.12.0
